
Microsoft Visual Studio Solution File, Format Version 12.00
# Visual Studio Version 17
VisualStudioVersion = 17.6.33815.320
MinimumVisualStudioVersion = 10.0.40219.1
Project("{FAE04EC0-301F-11D3-BF4B-00C04F79EFBC}") = "TereasMVC", "TereasMVC\TereasMVC.csproj", "{8EA87760-B5C0-4713-8C1E-B7E428528485}"
EndProject
Global
	GlobalSection(SolutionConfigurationPlatforms) = preSolution
		Debug|Any CPU = Debug|Any CPU
		Release|Any CPU = Release|Any CPU
	EndGlobalSection
	GlobalSection(ProjectConfigurationPlatforms) = postSolution
		{8EA87760-B5C0-4713-8C1E-B7E428528485}.Debug|Any CPU.ActiveCfg = Debug|Any CPU
		{8EA87760-B5C0-4713-8C1E-B7E428528485}.Debug|Any CPU.Build.0 = Debug|Any CPU
		{8EA87760-B5C0-4713-8C1E-B7E428528485}.Release|Any CPU.ActiveCfg = Release|Any CPU
		{8EA87760-B5C0-4713-8C1E-B7E428528485}.Release|Any CPU.Build.0 = Release|Any CPU
	EndGlobalSection
	GlobalSection(SolutionProperties) = preSolution
		HideSolutionNode = FALSE
	EndGlobalSection
	GlobalSection(ExtensibilityGlobals) = postSolution
		SolutionGuid = {B29A5F0B-A690-4DDB-B53E-F48F8A7BA727}
	EndGlobalSection
EndGlobal
